
Microsoft Visual Studio Solution File, Format Version 12.00
# Visual Studio Version 16
VisualStudioVersion = 25.0.1704.0
MinimumVisualStudioVersion = 10.0.40219.1
Project("{FAE04EC0-301F-11D3-BF4B-00C04F79EFBC}") = "1010", "1010\1010.csproj", "{FD70E614-332B-4DCF-857E-3FD0D61E618E}"
EndProject
Global
	GlobalSection(SolutionConfigurationPlatforms) = preSolution
		Debug|Any CPU = Debug|Any CPU
		Release|Any CPU = Release|Any CPU
	EndGlobalSection
	GlobalSection(ProjectConfigurationPlatforms) = postSolution
		{FD70E614-332B-4DCF-857E-3FD0D61E618E}.Debug|Any CPU.ActiveCfg = Debug|Any CPU
		{FD70E614-332B-4DCF-857E-3FD0D61E618E}.Debug|Any CPU.Build.0 = Debug|Any CPU
		{FD70E614-332B-4DCF-857E-3FD0D61E618E}.Release|Any CPU.ActiveCfg = Release|Any CPU
		{FD70E614-332B-4DCF-857E-3FD0D61E618E}.Release|Any CPU.Build.0 = Release|Any CPU
	EndGlobalSection
	GlobalSection(SolutionProperties) = preSolution
		HideSolutionNode = FALSE
	EndGlobalSection
	GlobalSection(ExtensibilityGlobals) = postSolution
		SolutionGuid = {4A978BEB-EC5D-48B2-926C-567D247C2CE5}
	EndGlobalSection
EndGlobal
